{
  "name": "ballast-core",
  "version": "1.0.0",
  "lockfileVersion": 1,
  "requires": true,
  "dependencies": {
    "inversify": {
      "version": "4.11.1",
      "resolved": "https://registry.npmjs.org/inversify/-/inversify-4.11.1.tgz",
      "integrity": "sha512-9bs/36crPdTSOCcoomHMb96s+B8W0+2c9dHFP/Srv9ZQaPnUvsMgzmMHfgVECqfHVUIW+M5S7SYOjoig8khWuQ=="
    }
  }
}
